
Microsoft Visual Studio Solution File, Format Version 12.00
# Visual Studio Version 17
VisualStudioVersion = 17.9.34310.174
MinimumVisualStudioVersion = 10.0.40219.1
Project("{FAE04EC0-301F-11D3-BF4B-00C04F79EFBC}") = "Api", "Api\Api.csproj", "{C380D0CF-F74A-4D1E-AC69-365B64D39D73}"
EndProject
Project("{FAE04EC0-301F-11D3-BF4B-00C04F79EFBC}") = "Infrastructure", "Infrastructure\Infrastructure.csproj", "{427D4990-4FBA-4E7F-BA8D-71644B80DC1B}"
EndProject
Project("{FAE04EC0-301F-11D3-BF4B-00C04F79EFBC}") = "Service", "Service\Service.csproj", "{A9C5D3CD-3736-4E80-B8F5-26F65F340C8E}"
EndProject
Global
	GlobalSection(SolutionConfigurationPlatforms) = preSolution
		Debug|Any CPU = Debug|Any CPU
		Release|Any CPU = Release|Any CPU
	EndGlobalSection
	GlobalSection(ProjectConfigurationPlatforms) = postSolution
		{C380D0CF-F74A-4D1E-AC69-365B64D39D73}.Debug|Any CPU.ActiveCfg = Debug|Any CPU
		{C380D0CF-F74A-4D1E-AC69-365B64D39D73}.Debug|Any CPU.Build.0 = Debug|Any CPU
		{C380D0CF-F74A-4D1E-AC69-365B64D39D73}.Release|Any CPU.ActiveCfg = Release|Any CPU
		{C380D0CF-F74A-4D1E-AC69-365B64D39D73}.Release|Any CPU.Build.0 = Release|Any CPU
		{427D4990-4FBA-4E7F-BA8D-71644B80DC1B}.Debug|Any CPU.ActiveCfg = Debug|Any CPU
		{427D4990-4FBA-4E7F-BA8D-71644B80DC1B}.Debug|Any CPU.Build.0 = Debug|Any CPU
		{427D4990-4FBA-4E7F-BA8D-71644B80DC1B}.Release|Any CPU.ActiveCfg = Release|Any CPU
		{427D4990-4FBA-4E7F-BA8D-71644B80DC1B}.Release|Any CPU.Build.0 = Release|Any CPU
		{A9C5D3CD-3736-4E80-B8F5-26F65F340C8E}.Debug|Any CPU.ActiveCfg = Debug|Any CPU
		{A9C5D3CD-3736-4E80-B8F5-26F65F340C8E}.Debug|Any CPU.Build.0 = Debug|Any CPU
		{A9C5D3CD-3736-4E80-B8F5-26F65F340C8E}.Release|Any CPU.ActiveCfg = Release|Any CPU
		{A9C5D3CD-3736-4E80-B8F5-26F65F340C8E}.Release|Any CPU.Build.0 = Release|Any CPU
	EndGlobalSection
	GlobalSection(SolutionProperties) = preSolution
		HideSolutionNode = FALSE
	EndGlobalSection
	GlobalSection(ExtensibilityGlobals) = postSolution
		SolutionGuid = {62A7AF5E-C62B-4E33-AD1F-AC9061097A6F}
	EndGlobalSection
EndGlobal
